
Microsoft Visual Studio Solution File, Format Version 12.00
# Visual Studio Version 16
VisualStudioVersion = 16.0.29519.87
MinimumVisualStudioVersion = 10.0.40219.1
Project("{FAE04EC0-301F-11D3-BF4B-00C04F79EFBC}") = "WebAPI", "WebAPI\WebAPI.csproj", "{479882C9-CE16-4897-99E3-3226EE127800}"
EndProject
Global
	GlobalSection(SolutionConfigurationPlatforms) = preSolution
		Debug|Any CPU = Debug|Any CPU
		Release|Any CPU = Release|Any CPU
	EndGlobalSection
	GlobalSection(ProjectConfigurationPlatforms) = postSolution
		{479882C9-CE16-4897-99E3-3226EE127800}.Debug|Any CPU.ActiveCfg = Debug|Any CPU
		{479882C9-CE16-4897-99E3-3226EE127800}.Debug|Any CPU.Build.0 = Debug|Any CPU
		{479882C9-CE16-4897-99E3-3226EE127800}.Release|Any CPU.ActiveCfg = Release|Any CPU
		{479882C9-CE16-4897-99E3-3226EE127800}.Release|Any CPU.Build.0 = Release|Any CPU
	EndGlobalSection
	GlobalSection(SolutionProperties) = preSolution
		HideSolutionNode = FALSE
	EndGlobalSection
	GlobalSection(ExtensibilityGlobals) = postSolution
		SolutionGuid = {122713DE-7014-4783-9ED3-DD43B5F5FE4E}
	EndGlobalSection
EndGlobal
